// !$*UTF8*$!
{
	archiveVersion = 1;
	classes = {
	};
	objectVersion = 46;
	objects = {

/* Begin PBXBuildFile section */
		183917671AF8738A0034F8EE /* questions.plist in Resources */ = {isa = PBXBuildFile; fileRef = 183917661AF8738A0034F8EE /* questions.plist */; };
		1839176A1AF873C70034F8EE /* NSArray+Log.m in Sources */ = {isa = PBXBuildFile; fileRef = 183917691AF873C70034F8EE /* NSArray+Log.m */; };
		1839176D1AF873FA0034F8EE /* WPQuestion.m in Sources */ = {isa = PBXBuildFile; fileRef = 1839176C1AF873FA0034F8EE /* WPQuestion.m */; };
		184FF39F1AF796CF005BAADE /* main.m in Sources */ = {isa = PBXBuildFile; fileRef = 184FF39E1AF796CF005BAADE /* main.m */; };
		184FF3A21AF796CF005BAADE /* AppDelegate.m in Sources */ = {isa = PBXBuildFile; fileRef = 184FF3A11AF796CF005BAADE /* AppDelegate.m */; };
		184FF3A51AF796CF005BAADE /* ViewController.m in Sources */ = {isa = PBXBuildFile; fileRef = 184FF3A41AF796CF005BAADE /* ViewController.m */; };
		184FF3A81AF796CF005BAADE /* Main.storyboard in Resources */ = {isa = PBXBuildFile; fileRef = 184FF3A61AF796CF005BAADE /* Main.storyboard */; };
		184FF3AA1AF796CF005BAADE /* Images.xcassets in Resources */ = {isa = PBXBuildFile; fileRef = 184FF3A91AF796CF005BAADE /* Images.xcassets */; };
		184FF3AD1AF796CF005BAADE /* LaunchScreen.xib in Resources */ = {isa = PBXBuildFile; fileRef = 184FF3AB1AF796CF005BAADE /* LaunchScreen.xib */; };
		184FF3B91AF796CF005BAADE /* ____Tests.m in Sources */ = {isa = PBXBuildFile; fileRef = 184FF3B81AF796CF005BAADE /* ____Tests.m */; };
/* End PBXBuildFile section */

/* Begin PBXContainerItemProxy section */
		184FF3B31AF796CF005BAADE /* PBXContainerItemProxy */ = {
			isa = PBXContainerItemProxy;
			containerPortal = 184FF3911AF796CF005BAADE /* Project object */;
			proxyType = 1;
			remoteGlobalIDString = 184FF3981AF796CF005BAADE;
			remoteInfo = "超级猜图";
		};
/* End PBXContainerItemProxy section */

/* Begin PBXFileReference section */
		183917661AF8738A0034F8EE /* questions.plist */ = {isa = PBXFileReference; fileEncoding = 4; lastKnownFileType = text.plist.xml; path = questions.plist; sourceTree = "<group>"; };
		183917681AF873C70034F8EE /* NSArray+Log.h */ = {isa = PBXFileReference; fileEncoding = 4; lastKnownFileType = sourcecode.c.h; path = "NSArray+Log.h"; sourceTree = "<group>"; };
		183917691AF873C70034F8EE /* NSArray+Log.m */ = {isa = PBXFileReference; fileEncoding = 4; lastKnownFileType = sourcecode.c.objc; path = "NSArray+Log.m"; sourceTree = "<group>"; };
		1839176B1AF873FA0034F8EE /* WPQuestion.h */ = {isa = PBXFileReference; fileEncoding = 4; lastKnownFileType = sourcecode.c.h; path = WPQuestion.h; sourceTree = "<group>"; };
		1839176C1AF873FA0034F8EE /* WPQuestion.m */ = {isa = PBXFileReference; fileEncoding = 4; lastKnownFileType = sourcecode.c.objc; path = WPQuestion.m; sourceTree = "<group>"; };
		184FF3991AF796CF005BAADE /* 超级猜图.app */ = {isa = PBXFileReference; explicitFileType = wrapper.application; includeInIndex = 0; path = "超级猜图.app"; sourceTree = BUILT_PRODUCTS_DIR; };
		184FF39D1AF796CF005BAADE /* Info.plist */ = {isa = PBXFileReference; lastKnownFileType = text.plist.xml; path = Info.plist; sourceTree = "<group>"; };
		184FF39E1AF796CF005BAADE /* main.m */ = {isa = PBXFileReference; lastKnownFileType = sourcecode.c.objc; path = main.m; sourceTree = "<group>"; };
		184FF3A01AF796CF005BAADE /* AppDelegate.h */ = {isa = PBXFileReference; lastKnownFileType = sourcecode.c.h; path = AppDelegate.h; sourceTree = "<group>"; };
		184FF3A11AF796CF005BAADE /* AppDelegate.m */ = {isa = PBXFileReference; lastKnownFileType = sourcecode.c.objc; path = AppDelegate.m; sourceTree = "<group>"; };
		184FF3A31AF796CF005BAADE /* ViewController.h */ = {isa = PBXFileReference; lastKnownFileType = sourcecode.c.h; path = ViewController.h; sourceTree = "<group>"; };
		184FF3A41AF796CF005BAADE /* ViewController.m */ = {isa = PBXFileReference; lastKnownFileType = sourcecode.c.objc; path = ViewController.m; sourceTree = "<group>"; };
		184FF3A71AF796CF005BAADE /* Base */ = {isa = PBXFileReference; lastKnownFileType = file.storyboard; name = Base; path = Base.lproj/Main.storyboard; sourceTree = "<group>"; };
		184FF3A91AF796CF005BAADE /* Images.xcassets */ = {isa = PBXFileReference; lastKnownFileType = folder.assetcatalog; path = Images.xcassets; sourceTree = "<group>"; };
		184FF3AC1AF796CF005BAADE /* Base */ = {isa = PBXFileReference; lastKnownFileType = file.xib; name = Base; path = Base.lproj/LaunchScreen.xib; sourceTree = "<group>"; };
		184FF3B21AF796CF005BAADE /* 超级猜图Tests.xctest */ = {isa = PBXFileReference; explicitFileType = wrapper.cfbundle; includeInIndex = 0; path = "超级猜图Tests.xctest"; sourceTree = BUILT_PRODUCTS_DIR; };
		184FF3B71AF796CF005BAADE /* Info.plist */ = {isa = PBXFileReference; lastKnownFileType = text.plist.xml; path = Info.plist; sourceTree = "<group>"; };
		184FF3B81AF796CF005BAADE /* ____Tests.m */ = {isa = PBXFileReference; lastKnownFileType = sourcecode.c.objc; path = "____Tests.m"; sourceTree = "<group>"; };
/* End PBXFileReference section */

/* Begin PBXFrameworksBuildPhase section */
		184FF3961AF796CF005BAADE /* Frameworks */ = {
			isa = PBXFrameworksBuildPhase;
			buildActionMask = 2147483647;
			files = (
			);
			runOnlyForDeploymentPostprocessing = 0;
		};
		184FF3AF1AF796CF005BAADE /* Frameworks */ = {
			isa = PBXFrameworksBuildPhase;
			buildActionMask = 2147483647;
			files = (
			);
			runOnlyForDeploymentPostprocessing = 0;
		};
/* End PBXFrameworksBuildPhase section */

/* Begin PBXGroup section */
		184FF3901AF796CF005BAADE = {
			isa = PBXGroup;
			children = (
				184FF39B1AF796CF005BAADE /* 超级猜图 */,
				184FF3B51AF796CF005BAADE /* 超级猜图Tests */,
				184FF39A1AF796CF005BAADE /* Products */,
			);
			sourceTree = "<group>";
		};
		184FF39A1AF796CF005BAADE /* Products */ = {
			isa = PBXGroup;
			children = (
				184FF3991AF796CF005BAADE /* 超级猜图.app */,
				184FF3B21AF796CF005BAADE /* 超级猜图Tests.xctest */,
			);
			name = Products;
			sourceTree = "<group>";
		};
		184FF39B1AF796CF005BAADE /* 超级猜图 */ = {
			isa = PBXGroup;
			children = (
				183917681AF873C70034F8EE /* NSArray+Log.h */,
				183917691AF873C70034F8EE /* NSArray+Log.m */,
				184FF3A01AF796CF005BAADE /* AppDelegate.h */,
				184FF3A11AF796CF005BAADE /* AppDelegate.m */,
				1839176B1AF873FA0034F8EE /* WPQuestion.h */,
				1839176C1AF873FA0034F8EE /* WPQuestion.m */,
				184FF3A31AF796CF005BAADE /* ViewController.h */,
				184FF3A41AF796CF005BAADE /* ViewController.m */,
				184FF3A61AF796CF005BAADE /* Main.storyboard */,
				184FF3A91AF796CF005BAADE /* Images.xcassets */,
				184FF3AB1AF796CF005BAADE /* LaunchScreen.xib */,
				184FF39C1AF796CF005BAADE /* Supporting Files */,
			);
			path = "超级猜图";
			sourceTree = "<group>";
		};
		184FF39C1AF796CF005BAADE /* Supporting Files */ = {
			isa = PBXGroup;
			children = (
				183917661AF8738A0034F8EE /* questions.plist */,
				184FF39D1AF796CF005BAADE /* Info.plist */,
				184FF39E1AF796CF005BAADE /* main.m */,
			);
			name = "Supporting Files";
			sourceTree = "<group>";
		};
		184FF3B51AF796CF005BAADE /* 超级猜图Tests */ = {
			isa = PBXGroup;
			children = (
				184FF3B81AF796CF005BAADE /* ____Tests.m */,
				184FF3B61AF796CF005BAADE /* Supporting Files */,
			);
			path = "超级猜图Tests";
			sourceTree = "<group>";
		};
		184FF3B61AF796CF005BAADE /* Supporting Files */ = {
			isa = PBXGroup;
			children = (
				184FF3B71AF796CF005BAADE /* Info.plist */,
			);
			name = "Supporting Files";
			sourceTree = "<group>";
		};
/* End PBXGroup section */

/* Begin PBXNativeTarget section */
		184FF3981AF796CF005BAADE /* 超级猜图 */ = {
			isa = PBXNativeTarget;
			buildConfigurationList = 184FF3BC1AF796CF005BAADE /* Build configuration list for PBXNativeTarget "超级猜图" */;
			buildPhases = (
				184FF3951AF796CF005BAADE /* Sources */,
				184FF3961AF796CF005BAADE /* Frameworks */,
				184FF3971AF796CF005BAADE /* Resources */,
			);
			buildRules = (
			);
			dependencies = (
			);
			name = "超级猜图";
			productName = "超级猜图";
			productReference = 184FF3991AF796CF005BAADE /* 超级猜图.app */;
			productType = "com.apple.product-type.application";
		};
		184FF3B11AF796CF005BAADE /* 超级猜图Tests */ = {
			isa = PBXNativeTarget;
			buildConfigurationList = 184FF3BF1AF796CF005BAADE /* Build configuration list for PBXNativeTarget "超级猜图Tests" */;
			buildPhases = (
				184FF3AE1AF796CF005BAADE /* Sources */,
				184FF3AF1AF796CF005BAADE /* Frameworks */,
				184FF3B01AF796CF005BAADE /* Resources */,
			);
			buildRules = (
			);
			dependencies = (
				184FF3B41AF796CF005BAADE /* PBXTargetDependency */,
			);
			name = "超级猜图Tests";
			productName = "超级猜图Tests";
			productReference = 184FF3B21AF796CF005BAADE /* 超级猜图Tests.xctest */;
			productType = "com.apple.product-type.bundle.unit-test";
		};
/* End PBXNativeTarget section */

/* Begin PBXProject section */
		184FF3911AF796CF005BAADE /* Project object */ = {
			isa = PBXProject;
			attributes = {
				LastUpgradeCheck = 0630;
				ORGANIZATIONNAME = worldelite;
				TargetAttributes = {
					184FF3981AF796CF005BAADE = {
						CreatedOnToolsVersion = 6.3.1;
					};
					184FF3B11AF796CF005BAADE = {
						CreatedOnToolsVersion = 6.3.1;
						TestTargetID = 184FF3981AF796CF005BAADE;
					};
				};
			};
			buildConfigurationList = 184FF3941AF796CF005BAADE /* Build configuration list for PBXProject "超级猜图" */;
			compatibilityVersion = "Xcode 3.2";
			developmentRegion = English;
			hasScannedForEncodings = 0;
			knownRegions = (
				en,
				Base,
			);
			mainGroup = 184FF3901AF796CF005BAADE;
			productRefGroup = 184FF39A1AF796CF005BAADE /* Products */;
			projectDirPath = "";
			projectRoot = "";
			targets = (
				184FF3981AF796CF005BAADE /* 超级猜图 */,
				184FF3B11AF796CF005BAADE /* 超级猜图Tests */,
			);
		};
/* End PBXProject section */

/* Begin PBXResourcesBuildPhase section */
		184FF3971AF796CF005BAADE /* Resources */ = {
			isa = PBXResourcesBuildPhase;
			buildActionMask = 2147483647;
			files = (
				183917671AF8738A0034F8EE /* questions.plist in Resources */,
				184FF3A81AF796CF005BAADE /* Main.storyboard in Resources */,
				184FF3AD1AF796CF005BAADE /* LaunchScreen.xib in Resources */,
				184FF3AA1AF796CF005BAADE /* Images.xcassets in Resources */,
			);
			runOnlyForDeploymentPostprocessing = 0;
		};
		184FF3B01AF796CF005BAADE /* Resources */ = {
			isa = PBXResourcesBuildPhase;
			buildActionMask = 2147483647;
			files = (
			);
			runOnlyForDeploymentPostprocessing = 0;
		};
/* End PBXResourcesBuildPhase section */

/* Begin PBXSourcesBuildPhase section */
		184FF3951AF796CF005BAADE /* Sources */ = {
			isa = PBXSourcesBuildPhase;
			buildActionMask = 2147483647;
			files = (
				184FF3A51AF796CF005BAADE /* ViewController.m in Sources */,
				1839176A1AF873C70034F8EE /* NSArray+Log.m in Sources */,
				184FF3A21AF796CF005BAADE /* AppDelegate.m in Sources */,
				184FF39F1AF796CF005BAADE /* main.m in Sources */,
				1839176D1AF873FA0034F8EE /* WPQuestion.m in Sources */,
			);
			runOnlyForDeploymentPostprocessing = 0;
		};
		184FF3AE1AF796CF005BAADE /* Sources */ = {
			isa = PBXSourcesBuildPhase;
			buildActionMask = 2147483647;
			files = (
				184FF3B91AF796CF005BAADE /* ____Tests.m in Sources */,
			);
			runOnlyForDeploymentPostprocessing = 0;
		};
/* End PBXSourcesBuildPhase section */

/* Begin PBXTargetDependency section */
		184FF3B41AF796CF005BAADE /* PBXTargetDependency */ = {
			isa = PBXTargetDependency;
			target = 184FF3981AF796CF005BAADE /* 超级猜图 */;
			targetProxy = 184FF3B31AF796CF005BAADE /* PBXContainerItemProxy */;
		};
/* End PBXTargetDependency section */

/* Begin PBXVariantGroup section */
		184FF3A61AF796CF005BAADE /* Main.storyboard */ = {
			isa = PBXVariantGroup;
			children = (
				184FF3A71AF796CF005BAADE /* Base */,
			);
			name = Main.storyboard;
			sourceTree = "<group>";
		};
		184FF3AB1AF796CF005BAADE /* LaunchScreen.xib */ = {
			isa = PBXVariantGroup;
			children = (
				184FF3AC1AF796CF005BAADE /* Base */,
			);
			name = LaunchScreen.xib;
			sourceTree = "<group>";
		};
/* End PBXVariantGroup section */

/* Begin XCBuildConfiguration section */
		184FF3BA1AF796CF005BAADE /* Debug */ = {
			isa = XCBuildConfiguration;
			buildSettings = {
				ALWAYS_SEARCH_USER_PATHS = NO;
				CLANG_CXX_LANGUAGE_STANDARD = "gnu++0x";
				CLANG_CXX_LIBRARY = "libc++";
				CLANG_ENABLE_MODULES = YES;
				CLANG_ENABLE_OBJC_ARC = YES;
				CLANG_WARN_BOOL_CONVERSION = YES;
				CLANG_WARN_CONSTANT_CONVERSION = YES;
				CLANG_WARN_DIRECT_OBJC_ISA_USAGE = YES_ERROR;
				CLANG_WARN_EMPTY_BODY = YES;
				CLANG_WARN_ENUM_CONVERSION = YES;
				CLANG_WARN_INT_CONVERSION = YES;
				CLANG_WARN_OBJC_ROOT_CLASS = YES_ERROR;
				CLANG_WARN_UNREACHABLE_CODE = YES;
				CLANG_WARN__DUPLICATE_METHOD_MATCH = YES;
				"CODE_SIGN_IDENTITY[sdk=iphoneos*]" = "iPhone Developer";
				COPY_PHASE_STRIP = NO;
				DEBUG_INFORMATION_FORMAT = "dwarf-with-dsym";
				ENABLE_STRICT_OBJC_MSGSEND = YES;
				GCC_C_LANGUAGE_STANDARD = gnu99;
				GCC_DYNAMIC_NO_PIC = NO;
				GCC_NO_COMMON_BLOCKS = YES;
				GCC_OPTIMIZATION_LEVEL = 0;
				GCC_PREPROCESSOR_DEFINITIONS = (
					"DEBUG=1",
					"$(inherited)",
				);
				GCC_SYMBOLS_PRIVATE_EXTERN = NO;
				GCC_WARN_64_TO_32_BIT_CONVERSION = YES;
				GCC_WARN_ABOUT_RETURN_TYPE = YES_ERROR;
				GCC_WARN_UNDECLARED_SELECTOR = YES;
				GCC_WARN_UNINITIALIZED_AUTOS = YES_AGGRESSIVE;
				GCC_WARN_UNUSED_FUNCTION = YES;
				GCC_WARN_UNUSED_VARIABLE = YES;
				IPHONEOS_DEPLOYMENT_TARGET = 8.3;
				MTL_ENABLE_DEBUG_INFO = YES;
				ONLY_ACTIVE_ARCH = YES;
				SDKROOT = iphoneos;
			};
			name = Debug;
		};
		184FF3BB1AF796CF005BAADE /* Release */ = {
			isa = XCBuildConfiguration;
			buildSettings = {
				ALWAYS_SEARCH_USER_PATHS = NO;
				CLANG_CXX_LANGUAGE_STANDARD = "gnu++0x";
				CLANG_CXX_LIBRARY = "libc++";
				CLANG_ENABLE_MODULES = YES;
				CLANG_ENABLE_OBJC_ARC = YES;
				CLANG_WARN_BOOL_CONVERSION = YES;
				CLANG_WARN_CONSTANT_CONVERSION = YES;
				CLANG_WARN_DIRECT_OBJC_ISA_USAGE = YES_ERROR;
				CLANG_WARN_EMPTY_BODY = YES;
				CLANG_WARN_ENUM_CONVERSION = YES;
				CLANG_WARN_INT_CONVERSION = YES;
				CLANG_WARN_OBJC_ROOT_CLASS = YES_ERROR;
				CLANG_WARN_UNREACHABLE_CODE = YES;
				CLANG_WARN__DUPLICATE_METHOD_MATCH = YES;
				"CODE_SIGN_IDENTITY[sdk=iphoneos*]" = "iPhone Developer";
				COPY_PHASE_STRIP = NO;
				DEBUG_INFORMATION_FORMAT = "dwarf-with-dsym";
				ENABLE_NS_ASSERTIONS = NO;
				ENABLE_STRICT_OBJC_MSGSEND = YES;
				GCC_C_LANGUAGE_STANDARD = gnu99;
				GCC_NO_COMMON_BLOCKS = YES;
				GCC_WARN_64_TO_32_BIT_CONVERSION = YES;
				GCC_WARN_ABOUT_RETURN_TYPE = YES_ERROR;
				GCC_WARN_UNDECLARED_SELECTOR = YES;
				GCC_WARN_UNINITIALIZED_AUTOS = YES_AGGRESSIVE;
				GCC_WARN_UNUSED_FUNCTION = YES;
				GCC_WARN_UNUSED_VARIABLE = YES;
				IPHONEOS_DEPLOYMENT_TARGET = 8.3;
				MTL_ENABLE_DEBUG_INFO = NO;
				SDKROOT = iphoneos;
				VALIDATE_PRODUCT = YES;
			};
			name = Release;
		};
		184FF3BD1AF796CF005BAADE /* Debug */ = {
			isa = XCBuildConfiguration;
			buildSettings = {
				ASSETCATALOG_COMPILER_APPICON_NAME = AppIcon;
				INFOPLIST_FILE = "超级猜图/Info.plist";
				LD_RUNPATH_SEARCH_PATHS = "$(inherited) @executable_path/Frameworks";
				PRODUCT_NAME = "$(TARGET_NAME)";
			};
			name = Debug;
		};
		184FF3BE1AF796CF005BAADE /* Release */ = {
			isa = XCBuildConfiguration;
			buildSettings = {
				ASSETCATALOG_COMPILER_APPICON_NAME = AppIcon;
				INFOPLIST_FILE = "超级猜图/Info.plist";
				LD_RUNPATH_SEARCH_PATHS = "$(inherited) @executable_path/Frameworks";
				PRODUCT_NAME = "$(TARGET_NAME)";
			};
			name = Release;
		};
		184FF3C01AF796CF005BAADE /* Debug */ = {
			isa = XCBuildConfiguration;
			buildSettings = {
				BUNDLE_LOADER = "$(TEST_HOST)";
				FRAMEWORK_SEARCH_PATHS = (
					"$(SDKROOT)/Developer/Library/Frameworks",
					"$(inherited)",
				);
				GCC_PREPROCESSOR_DEFINITIONS = (
					"DEBUG=1",
					"$(inherited)",
				);
				INFOPLIST_FILE = "超级猜图Tests/Info.plist";
				LD_RUNPATH_SEARCH_PATHS = "$(inherited) @executable_path/Frameworks @loader_path/Frameworks";
				PRODUCT_NAME = "$(TARGET_NAME)";
				TEST_HOST = "$(BUILT_PRODUCTS_DIR)/超级猜图.app/超级猜图";
			};
			name = Debug;
		};
		184FF3C11AF796CF005BAADE /* Release */ = {
			isa = XCBuildConfiguration;
			buildSettings = {
				BUNDLE_LOADER = "$(TEST_HOST)";
				FRAMEWORK_SEARCH_PATHS = (
					"$(SDKROOT)/Developer/Library/Frameworks",
					"$(inherited)",
				);
				INFOPLIST_FILE = "超级猜图Tests/Info.plist";
				LD_RUNPATH_SEARCH_PATHS = "$(inherited) @executable_path/Frameworks @loader_path/Frameworks";
				PRODUCT_NAME = "$(TARGET_NAME)";
				TEST_HOST = "$(BUILT_PRODUCTS_DIR)/超级猜图.app/超级猜图";
			};
			name = Release;
		};
/* End XCBuildConfiguration section */

/* Begin XCConfigurationList section */
		184FF3941AF796CF005BAADE /* Build configuration list for PBXProject "超级猜图" */ = {
			isa = XCConfigurationList;
			buildConfigurations = (
				184FF3BA1AF796CF005BAADE /* Debug */,
				184FF3BB1AF796CF005BAADE /* Release */,
			);
			defaultConfigurationIsVisible = 0;
			defaultConfigurationName = Release;
		};
		184FF3BC1AF796CF005BAADE /* Build configuration list for PBXNativeTarget "超级猜图" */ = {
			isa = XCConfigurationList;
			buildConfigurations = (
				184FF3BD1AF796CF005BAADE /* Debug */,
				184FF3BE1AF796CF005BAADE /* Release */,
			);
			defaultConfigurationIsVisible = 0;
			defaultConfigurationName = Release;
		};
		184FF3BF1AF796CF005BAADE /* Build configuration list for PBXNativeTarget "超级猜图Tests" */ = {
			isa = XCConfigurationList;
			buildConfigurations = (
				184FF3C01AF796CF005BAADE /* Debug */,
				184FF3C11AF796CF005BAADE /* Release */,
			);
			defaultConfigurationIsVisible = 0;
			defaultConfigurationName = Release;
		};
/* End XCConfigurationList section */
	};
	rootObject = 184FF3911AF796CF005BAADE /* Project object */;
}
